// !$*UTF8*$!
{
	archiveVersion = 1;
	classes = {
	};
	objectVersion = 51;
	objects = {

/* Begin PBXBuildFile section */
		00DEB81A6FB400E90022E5E6 /* Pods_laser_spirograph.framework in Frameworks */ = {isa = PBXBuildFile; fileRef = 0649B35AFB32C835B1F91D80 /* Pods_laser_spirograph.framework */; };
		2C07673E9C263EA5906B3754 /* Pods_laser_spirograph_tests.framework in Frameworks */ = {isa = PBXBuildFile; fileRef = A64A78598698828BAC0EC36D /* Pods_laser_spirograph_tests.framework */; };
		C204ED1F25805CAC0024F693 /* LSCircle.swift in Sources */ = {isa = PBXBuildFile; fileRef = C204ED1E25805CAC0024F693 /* LSCircle.swift */; };
		C22F269C2588401C001E2463 /* LSCircleCombiner.swift in Sources */ = {isa = PBXBuildFile; fileRef = C2559A62258455BE00CB95BB /* LSCircleCombiner.swift */; };
		C230842B258300230042EBCA /* LSCircleCombinerTests.swift in Sources */ = {isa = PBXBuildFile; fileRef = C230842A258300220042EBCA /* LSCircleCombinerTests.swift */; };
		C2559A63258455BE00CB95BB /* LSCircleCombiner.swift in Sources */ = {isa = PBXBuildFile; fileRef = C2559A62258455BE00CB95BB /* LSCircleCombiner.swift */; };
		C26009D82582BA2E00278867 /* LSMultisliderView.swift in Sources */ = {isa = PBXBuildFile; fileRef = C26009D72582BA2E00278867 /* LSMultisliderView.swift */; };
		C282867B25815BA3008B4D42 /* LSCircleTests.swift in Sources */ = {isa = PBXBuildFile; fileRef = C282867A25815BA3008B4D42 /* LSCircleTests.swift */; };
		C282867E25815BF6008B4D42 /* LSCircle.swift in Sources */ = {isa = PBXBuildFile; fileRef = C204ED1E25805CAC0024F693 /* LSCircle.swift */; };
		C282868125815D64008B4D42 /* Parameterizable.swift in Sources */ = {isa = PBXBuildFile; fileRef = C2C484582577645100F17D7D /* Parameterizable.swift */; };
		C2C432CD258950FE00FBECE4 /* LSCircleButton.swift in Sources */ = {isa = PBXBuildFile; fileRef = C2C432CC258950FE00FBECE4 /* LSCircleButton.swift */; };
		C2C48438257710E100F17D7D /* AppDelegate.swift in Sources */ = {isa = PBXBuildFile; fileRef = C2C48437257710E100F17D7D /* AppDelegate.swift */; };
		C2C4843A257710E100F17D7D /* SceneDelegate.swift in Sources */ = {isa = PBXBuildFile; fileRef = C2C48439257710E100F17D7D /* SceneDelegate.swift */; };
		C2C4843C257710E100F17D7D /* ViewController.swift in Sources */ = {isa = PBXBuildFile; fileRef = C2C4843B257710E100F17D7D /* ViewController.swift */; };
		C2C4843F257710E100F17D7D /* Main.storyboard in Resources */ = {isa = PBXBuildFile; fileRef = C2C4843D257710E100F17D7D /* Main.storyboard */; };
		C2C48441257710E600F17D7D /* Assets.xcassets in Resources */ = {isa = PBXBuildFile; fileRef = C2C48440257710E600F17D7D /* Assets.xcassets */; };
		C2C48444257710E600F17D7D /* LaunchScreen.storyboard in Resources */ = {isa = PBXBuildFile; fileRef = C2C48442257710E600F17D7D /* LaunchScreen.storyboard */; };
		C2C4844D257711E000F17D7D /* LSCanvas.swift in Sources */ = {isa = PBXBuildFile; fileRef = C2C4844C257711E000F17D7D /* LSCanvas.swift */; };
		C2C484592577645100F17D7D /* Parameterizable.swift in Sources */ = {isa = PBXBuildFile; fileRef = C2C484582577645100F17D7D /* Parameterizable.swift */; };
		C2DA9A5525830ACA00BE07B9 /* LSConstantFunction.swift in Sources */ = {isa = PBXBuildFile; fileRef = C2DA9A5425830ACA00BE07B9 /* LSConstantFunction.swift */; };
/* End PBXBuildFile section */

/* Begin PBXContainerItemProxy section */
		C282867125815B58008B4D42 /* PBXContainerItemProxy */ = {
			isa = PBXContainerItemProxy;
			containerPortal = C2C4842C257710E100F17D7D /* Project object */;
			proxyType = 1;
			remoteGlobalIDString = C2C48433257710E100F17D7D;
			remoteInfo = "laser-spirograph";
		};
/* End PBXContainerItemProxy section */

/* Begin PBXFileReference section */
		0649B35AFB32C835B1F91D80 /* Pods_laser_spirograph.framework */ = {isa = PBXFileReference; explicitFileType = wrapper.framework; includeInIndex = 0; path = Pods_laser_spirograph.framework; sourceTree = BUILT_PRODUCTS_DIR; };
		4FD09EEF34298BB782783FDC /* Pods-laser-spirograph-tests.release.xcconfig */ = {isa = PBXFileReference; includeInIndex = 1; lastKnownFileType = text.xcconfig; name = "Pods-laser-spirograph-tests.release.xcconfig"; path = "Target Support Files/Pods-laser-spirograph-tests/Pods-laser-spirograph-tests.release.xcconfig"; sourceTree = "<group>"; };
		528336E576D0B89BC8AE34FA /* Pods-laser-spirograph-tests.debug.xcconfig */ = {isa = PBXFileReference; includeInIndex = 1; lastKnownFileType = text.xcconfig; name = "Pods-laser-spirograph-tests.debug.xcconfig"; path = "Target Support Files/Pods-laser-spirograph-tests/Pods-laser-spirograph-tests.debug.xcconfig"; sourceTree = "<group>"; };
		7EABD27C8429EC1290A9DA1B /* Pods-laser-spirograph.release.xcconfig */ = {isa = PBXFileReference; includeInIndex = 1; lastKnownFileType = text.xcconfig; name = "Pods-laser-spirograph.release.xcconfig"; path = "Target Support Files/Pods-laser-spirograph/Pods-laser-spirograph.release.xcconfig"; sourceTree = "<group>"; };
		A1C947429D4188894A7ED066 /* Pods-laser-spirograph.debug.xcconfig */ = {isa = PBXFileReference; includeInIndex = 1; lastKnownFileType = text.xcconfig; name = "Pods-laser-spirograph.debug.xcconfig"; path = "Target Support Files/Pods-laser-spirograph/Pods-laser-spirograph.debug.xcconfig"; sourceTree = "<group>"; };
		A64A78598698828BAC0EC36D /* Pods_laser_spirograph_tests.framework */ = {isa = PBXFileReference; explicitFileType = wrapper.framework; includeInIndex = 0; path = Pods_laser_spirograph_tests.framework; sourceTree = BUILT_PRODUCTS_DIR; };
		C204ED1E25805CAC0024F693 /* LSCircle.swift */ = {isa = PBXFileReference; lastKnownFileType = sourcecode.swift; path = LSCircle.swift; sourceTree = "<group>"; };
		C230842A258300220042EBCA /* LSCircleCombinerTests.swift */ = {isa = PBXFileReference; lastKnownFileType = sourcecode.swift; path = LSCircleCombinerTests.swift; sourceTree = "<group>"; };
		C2559A62258455BE00CB95BB /* LSCircleCombiner.swift */ = {isa = PBXFileReference; lastKnownFileType = sourcecode.swift; path = LSCircleCombiner.swift; sourceTree = "<group>"; };
		C26009D72582BA2E00278867 /* LSMultisliderView.swift */ = {isa = PBXFileReference; lastKnownFileType = sourcecode.swift; path = LSMultisliderView.swift; sourceTree = "<group>"; };
		C282866C25815B57008B4D42 /* laser-spirograph-tests.xctest */ = {isa = PBXFileReference; explicitFileType = wrapper.cfbundle; includeInIndex = 0; path = "laser-spirograph-tests.xctest"; sourceTree = BUILT_PRODUCTS_DIR; };
		C282867025815B58008B4D42 /* Info.plist */ = {isa = PBXFileReference; lastKnownFileType = text.plist.xml; path = Info.plist; sourceTree = "<group>"; };
		C282867A25815BA3008B4D42 /* LSCircleTests.swift */ = {isa = PBXFileReference; lastKnownFileType = sourcecode.swift; path = LSCircleTests.swift; sourceTree = "<group>"; };
		C2C432CC258950FE00FBECE4 /* LSCircleButton.swift */ = {isa = PBXFileReference; lastKnownFileType = sourcecode.swift; path = LSCircleButton.swift; sourceTree = "<group>"; };
		C2C48434257710E100F17D7D /* laser-spirograph.app */ = {isa = PBXFileReference; explicitFileType = wrapper.application; includeInIndex = 0; path = "laser-spirograph.app"; sourceTree = BUILT_PRODUCTS_DIR; };
		C2C48437257710E100F17D7D /* AppDelegate.swift */ = {isa = PBXFileReference; lastKnownFileType = sourcecode.swift; path = AppDelegate.swift; sourceTree = "<group>"; };
		C2C48439257710E100F17D7D /* SceneDelegate.swift */ = {isa = PBXFileReference; lastKnownFileType = sourcecode.swift; path = SceneDelegate.swift; sourceTree = "<group>"; };
		C2C4843B257710E100F17D7D /* ViewController.swift */ = {isa = PBXFileReference; lastKnownFileType = sourcecode.swift; path = ViewController.swift; sourceTree = "<group>"; };
		C2C4843E257710E100F17D7D /* Base */ = {isa = PBXFileReference; lastKnownFileType = file.storyboard; name = Base; path = Base.lproj/Main.storyboard; sourceTree = "<group>"; };
		C2C48440257710E600F17D7D /* Assets.xcassets */ = {isa = PBXFileReference; lastKnownFileType = folder.assetcatalog; path = Assets.xcassets; sourceTree = "<group>"; };
		C2C48443257710E600F17D7D /* Base */ = {isa = PBXFileReference; lastKnownFileType = file.storyboard; name = Base; path = Base.lproj/LaunchScreen.storyboard; sourceTree = "<group>"; };
		C2C48445257710E600F17D7D /* Info.plist */ = {isa = PBXFileReference; lastKnownFileType = text.plist.xml; path = Info.plist; sourceTree = "<group>"; };
		C2C4844C257711E000F17D7D /* LSCanvas.swift */ = {isa = PBXFileReference; lastKnownFileType = sourcecode.swift; path = LSCanvas.swift; sourceTree = "<group>"; };
		C2C484582577645100F17D7D /* Parameterizable.swift */ = {isa = PBXFileReference; lastKnownFileType = sourcecode.swift; path = Parameterizable.swift; sourceTree = "<group>"; };
		C2DA9A5425830ACA00BE07B9 /* LSConstantFunction.swift */ = {isa = PBXFileReference; lastKnownFileType = sourcecode.swift; path = LSConstantFunction.swift; sourceTree = "<group>"; };
/* End PBXFileReference section */

/* Begin PBXFrameworksBuildPhase section */
		C282866925815B57008B4D42 /* Frameworks */ = {
			isa = PBXFrameworksBuildPhase;
			buildActionMask = 2147483647;
			files = (
				2C07673E9C263EA5906B3754 /* Pods_laser_spirograph_tests.framework in Frameworks */,
			);
			runOnlyForDeploymentPostprocessing = 0;
		};
		C2C48431257710E100F17D7D /* Frameworks */ = {
			isa = PBXFrameworksBuildPhase;
			buildActionMask = 2147483647;
			files = (
				00DEB81A6FB400E90022E5E6 /* Pods_laser_spirograph.framework in Frameworks */,
			);
			runOnlyForDeploymentPostprocessing = 0;
		};
/* End PBXFrameworksBuildPhase section */

/* Begin PBXGroup section */
		6301975AB7A85523EA23790A /* Pods */ = {
			isa = PBXGroup;
			children = (
				A1C947429D4188894A7ED066 /* Pods-laser-spirograph.debug.xcconfig */,
				7EABD27C8429EC1290A9DA1B /* Pods-laser-spirograph.release.xcconfig */,
				528336E576D0B89BC8AE34FA /* Pods-laser-spirograph-tests.debug.xcconfig */,
				4FD09EEF34298BB782783FDC /* Pods-laser-spirograph-tests.release.xcconfig */,
			);
			path = Pods;
			sourceTree = "<group>";
		};
		C282866D25815B57008B4D42 /* laser-spirograph-tests */ = {
			isa = PBXGroup;
			children = (
				C282867A25815BA3008B4D42 /* LSCircleTests.swift */,
				C230842A258300220042EBCA /* LSCircleCombinerTests.swift */,
				C282867025815B58008B4D42 /* Info.plist */,
			);
			path = "laser-spirograph-tests";
			sourceTree = "<group>";
		};
		C2C4842B257710E100F17D7D = {
			isa = PBXGroup;
			children = (
				C2C48436257710E100F17D7D /* laser-spirograph */,
				C282866D25815B57008B4D42 /* laser-spirograph-tests */,
				C2C48435257710E100F17D7D /* Products */,
				6301975AB7A85523EA23790A /* Pods */,
				D31240A2C624CFAEF34CC359 /* Frameworks */,
			);
			sourceTree = "<group>";
		};
		C2C48435257710E100F17D7D /* Products */ = {
			isa = PBXGroup;
			children = (
				C2C48434257710E100F17D7D /* laser-spirograph.app */,
				C282866C25815B57008B4D42 /* laser-spirograph-tests.xctest */,
			);
			name = Products;
			sourceTree = "<group>";
		};
		C2C48436257710E100F17D7D /* laser-spirograph */ = {
			isa = PBXGroup;
			children = (
				C2C48437257710E100F17D7D /* AppDelegate.swift */,
				C2C48439257710E100F17D7D /* SceneDelegate.swift */,
				C2C48465257765C800F17D7D /* controllers */,
				C2C484602577659F00F17D7D /* models */,
				C2C48462257765AE00F17D7D /* views */,
				C2C4843D257710E100F17D7D /* Main.storyboard */,
				C2C48442257710E600F17D7D /* LaunchScreen.storyboard */,
				C2C48440257710E600F17D7D /* Assets.xcassets */,
				C2C48445257710E600F17D7D /* Info.plist */,
			);
			path = "laser-spirograph";
			sourceTree = "<group>";
		};
		C2C484602577659F00F17D7D /* models */ = {
			isa = PBXGroup;
			children = (
				C204ED1E25805CAC0024F693 /* LSCircle.swift */,
				C2559A62258455BE00CB95BB /* LSCircleCombiner.swift */,
				C2DA9A5425830ACA00BE07B9 /* LSConstantFunction.swift */,
				C2C484582577645100F17D7D /* Parameterizable.swift */,
			);
			path = models;
			sourceTree = "<group>";
		};
		C2C48462257765AE00F17D7D /* views */ = {
			isa = PBXGroup;
			children = (
				C2C4844C257711E000F17D7D /* LSCanvas.swift */,
				C2C432CC258950FE00FBECE4 /* LSCircleButton.swift */,
				C26009D72582BA2E00278867 /* LSMultisliderView.swift */,
			);
			path = views;
			sourceTree = "<group>";
		};
		C2C48465257765C800F17D7D /* controllers */ = {
			isa = PBXGroup;
			children = (
				C2C4843B257710E100F17D7D /* ViewController.swift */,
			);
			path = controllers;
			sourceTree = "<group>";
		};
		D31240A2C624CFAEF34CC359 /* Frameworks */ = {
			isa = PBXGroup;
			children = (
				0649B35AFB32C835B1F91D80 /* Pods_laser_spirograph.framework */,
				A64A78598698828BAC0EC36D /* Pods_laser_spirograph_tests.framework */,
			);
			name = Frameworks;
			sourceTree = "<group>";
		};
/* End PBXGroup section */

/* Begin PBXNativeTarget section */
		C282866B25815B57008B4D42 /* laser-spirograph-tests */ = {
			isa = PBXNativeTarget;
			buildConfigurationList = C282867525815B58008B4D42 /* Build configuration list for PBXNativeTarget "laser-spirograph-tests" */;
			buildPhases = (
				62FA07B4CCB410D95B5DA48D /* [CP] Check Pods Manifest.lock */,
				C282866825815B57008B4D42 /* Sources */,
				C282866925815B57008B4D42 /* Frameworks */,
				C282866A25815B57008B4D42 /* Resources */,
			);
			buildRules = (
			);
			dependencies = (
				C282867225815B58008B4D42 /* PBXTargetDependency */,
			);
			name = "laser-spirograph-tests";
			productName = "laser-spirograph-tests";
			productReference = C282866C25815B57008B4D42 /* laser-spirograph-tests.xctest */;
			productType = "com.apple.product-type.bundle.unit-test";
		};
		C2C48433257710E100F17D7D /* laser-spirograph */ = {
			isa = PBXNativeTarget;
			buildConfigurationList = C2C48448257710E600F17D7D /* Build configuration list for PBXNativeTarget "laser-spirograph" */;
			buildPhases = (
				3CC1C85A21354E3C72FE7321 /* [CP] Check Pods Manifest.lock */,
				C2C48430257710E100F17D7D /* Sources */,
				C2C48431257710E100F17D7D /* Frameworks */,
				C2C48432257710E100F17D7D /* Resources */,
				324227671CE71A62ECA606FF /* [CP] Embed Pods Frameworks */,
			);
			buildRules = (
			);
			dependencies = (
			);
			name = "laser-spirograph";
			productName = "laser-spirograph";
			productReference = C2C48434257710E100F17D7D /* laser-spirograph.app */;
			productType = "com.apple.product-type.application";
		};
/* End PBXNativeTarget section */

/* Begin PBXProject section */
		C2C4842C257710E100F17D7D /* Project object */ = {
			isa = PBXProject;
			attributes = {
				LastSwiftUpdateCheck = 1200;
				LastUpgradeCheck = 1200;
				TargetAttributes = {
					C282866B25815B57008B4D42 = {
						CreatedOnToolsVersion = 12.0.1;
						LastSwiftMigration = 1200;
						TestTargetID = C2C48433257710E100F17D7D;
					};
					C2C48433257710E100F17D7D = {
						CreatedOnToolsVersion = 12.0.1;
					};
				};
			};
			buildConfigurationList = C2C4842F257710E100F17D7D /* Build configuration list for PBXProject "laser-spirograph" */;
			compatibilityVersion = "Xcode 9.3";
			developmentRegion = en;
			hasScannedForEncodings = 0;
			knownRegions = (
				en,
				Base,
			);
			mainGroup = C2C4842B257710E100F17D7D;
			productRefGroup = C2C48435257710E100F17D7D /* Products */;
			projectDirPath = "";
			projectRoot = "";
			targets = (
				C2C48433257710E100F17D7D /* laser-spirograph */,
				C282866B25815B57008B4D42 /* laser-spirograph-tests */,
			);
		};
/* End PBXProject section */

/* Begin PBXResourcesBuildPhase section */
		C282866A25815B57008B4D42 /* Resources */ = {
			isa = PBXResourcesBuildPhase;
			buildActionMask = 2147483647;
			files = (
			);
			runOnlyForDeploymentPostprocessing = 0;
		};
		C2C48432257710E100F17D7D /* Resources */ = {
			isa = PBXResourcesBuildPhase;
			buildActionMask = 2147483647;
			files = (
				C2C48444257710E600F17D7D /* LaunchScreen.storyboard in Resources */,
				C2C48441257710E600F17D7D /* Assets.xcassets in Resources */,
				C2C4843F257710E100F17D7D /* Main.storyboard in Resources */,
			);
			runOnlyForDeploymentPostprocessing = 0;
		};
/* End PBXResourcesBuildPhase section */

/* Begin PBXShellScriptBuildPhase section */
		324227671CE71A62ECA606FF /* [CP] Embed Pods Frameworks */ = {
			isa = PBXShellScriptBuildPhase;
			buildActionMask = 2147483647;
			files = (
			);
			inputFileListPaths = (
				"${PODS_ROOT}/Target Support Files/Pods-laser-spirograph/Pods-laser-spirograph-frameworks-${CONFIGURATION}-input-files.xcfilelist",
			);
			name = "[CP] Embed Pods Frameworks";
			outputFileListPaths = (
				"${PODS_ROOT}/Target Support Files/Pods-laser-spirograph/Pods-laser-spirograph-frameworks-${CONFIGURATION}-output-files.xcfilelist",
			);
			runOnlyForDeploymentPostprocessing = 0;
			shellPath = /bin/sh;
			shellScript = "\"${PODS_ROOT}/Target Support Files/Pods-laser-spirograph/Pods-laser-spirograph-frameworks.sh\"\n";
			showEnvVarsInLog = 0;
		};
		3CC1C85A21354E3C72FE7321 /* [CP] Check Pods Manifest.lock */ = {
			isa = PBXShellScriptBuildPhase;
			buildActionMask = 2147483647;
			files = (
			);
			inputFileListPaths = (
			);
			inputPaths = (
				"${PODS_PODFILE_DIR_PATH}/Podfile.lock",
				"${PODS_ROOT}/Manifest.lock",
			);
			name = "[CP] Check Pods Manifest.lock";
			outputFileListPaths = (
			);
			outputPaths = (
				"$(DERIVED_FILE_DIR)/Pods-laser-spirograph-checkManifestLockResult.txt",
			);
			runOnlyForDeploymentPostprocessing = 0;
			shellPath = /bin/sh;
			shellScript = "diff \"${PODS_PODFILE_DIR_PATH}/Podfile.lock\" \"${PODS_ROOT}/Manifest.lock\" > /dev/null\nif [ $? != 0 ] ; then\n    # print error to STDERR\n    echo \"error: The sandbox is not in sync with the Podfile.lock. Run 'pod install' or update your CocoaPods installation.\" >&2\n    exit 1\nfi\n# This output is used by Xcode 'outputs' to avoid re-running this script phase.\necho \"SUCCESS\" > \"${SCRIPT_OUTPUT_FILE_0}\"\n";
			showEnvVarsInLog = 0;
		};
		62FA07B4CCB410D95B5DA48D /* [CP] Check Pods Manifest.lock */ = {
			isa = PBXShellScriptBuildPhase;
			buildActionMask = 2147483647;
			files = (
			);
			inputFileListPaths = (
			);
			inputPaths = (
				"${PODS_PODFILE_DIR_PATH}/Podfile.lock",
				"${PODS_ROOT}/Manifest.lock",
			);
			name = "[CP] Check Pods Manifest.lock";
			outputFileListPaths = (
			);
			outputPaths = (
				"$(DERIVED_FILE_DIR)/Pods-laser-spirograph-tests-checkManifestLockResult.txt",
			);
			runOnlyForDeploymentPostprocessing = 0;
			shellPath = /bin/sh;
			shellScript = "diff \"${PODS_PODFILE_DIR_PATH}/Podfile.lock\" \"${PODS_ROOT}/Manifest.lock\" > /dev/null\nif [ $? != 0 ] ; then\n    # print error to STDERR\n    echo \"error: The sandbox is not in sync with the Podfile.lock. Run 'pod install' or update your CocoaPods installation.\" >&2\n    exit 1\nfi\n# This output is used by Xcode 'outputs' to avoid re-running this script phase.\necho \"SUCCESS\" > \"${SCRIPT_OUTPUT_FILE_0}\"\n";
			showEnvVarsInLog = 0;
		};
/* End PBXShellScriptBuildPhase section */

/* Begin PBXSourcesBuildPhase section */
		C282866825815B57008B4D42 /* Sources */ = {
			isa = PBXSourcesBuildPhase;
			buildActionMask = 2147483647;
			files = (
				C230842B258300230042EBCA /* LSCircleCombinerTests.swift in Sources */,
				C282868125815D64008B4D42 /* Parameterizable.swift in Sources */,
				C282867E25815BF6008B4D42 /* LSCircle.swift in Sources */,
				C282867B25815BA3008B4D42 /* LSCircleTests.swift in Sources */,
				C22F269C2588401C001E2463 /* LSCircleCombiner.swift in Sources */,
			);
			runOnlyForDeploymentPostprocessing = 0;
		};
		C2C48430257710E100F17D7D /* Sources */ = {
			isa = PBXSourcesBuildPhase;
			buildActionMask = 2147483647;
			files = (
				C2C4843C257710E100F17D7D /* ViewController.swift in Sources */,
				C204ED1F25805CAC0024F693 /* LSCircle.swift in Sources */,
				C26009D82582BA2E00278867 /* LSMultisliderView.swift in Sources */,
				C2559A63258455BE00CB95BB /* LSCircleCombiner.swift in Sources */,
				C2C484592577645100F17D7D /* Parameterizable.swift in Sources */,
				C2C48438257710E100F17D7D /* AppDelegate.swift in Sources */,
				C2C432CD258950FE00FBECE4 /* LSCircleButton.swift in Sources */,
				C2C4843A257710E100F17D7D /* SceneDelegate.swift in Sources */,
				C2DA9A5525830ACA00BE07B9 /* LSConstantFunction.swift in Sources */,
				C2C4844D257711E000F17D7D /* LSCanvas.swift in Sources */,
			);
			runOnlyForDeploymentPostprocessing = 0;
		};
/* End PBXSourcesBuildPhase section */

/* Begin PBXTargetDependency section */
		C282867225815B58008B4D42 /* PBXTargetDependency */ = {
			isa = PBXTargetDependency;
			target = C2C48433257710E100F17D7D /* laser-spirograph */;
			targetProxy = C282867125815B58008B4D42 /* PBXContainerItemProxy */;
		};
/* End PBXTargetDependency section */

/* Begin PBXVariantGroup section */
		C2C4843D257710E100F17D7D /* Main.storyboard */ = {
			isa = PBXVariantGroup;
			children = (
				C2C4843E257710E100F17D7D /* Base */,
			);
			name = Main.storyboard;
			sourceTree = "<group>";
		};
		C2C48442257710E600F17D7D /* LaunchScreen.storyboard */ = {
			isa = PBXVariantGroup;
			children = (
				C2C48443257710E600F17D7D /* Base */,
			);
			name = LaunchScreen.storyboard;
			sourceTree = "<group>";
		};
/* End PBXVariantGroup section */

/* Begin XCBuildConfiguration section */
		C282867325815B58008B4D42 /* Debug */ = {
			isa = XCBuildConfiguration;
			baseConfigurationReference = 528336E576D0B89BC8AE34FA /* Pods-laser-spirograph-tests.debug.xcconfig */;
			buildSettings = {
				BUNDLE_LOADER = "$(TEST_HOST)";
				CLANG_ENABLE_MODULES = YES;
				CODE_SIGN_STYLE = Automatic;
				DEVELOPMENT_TEAM = 6D9WEB32TK;
				INFOPLIST_FILE = "laser-spirograph-tests/Info.plist";
				LD_RUNPATH_SEARCH_PATHS = (
					"$(inherited)",
					"@executable_path/Frameworks",
					"@loader_path/Frameworks",
				);
				PRODUCT_BUNDLE_IDENTIFIER = "com.high5.laser-spirograph-tests";
				PRODUCT_NAME = "$(TARGET_NAME)";
				SWIFT_OPTIMIZATION_LEVEL = "-Onone";
				SWIFT_VERSION = 5.0;
				TARGETED_DEVICE_FAMILY = "1,2";
				TEST_HOST = "$(BUILT_PRODUCTS_DIR)/laser-spirograph.app/laser-spirograph";
			};
			name = Debug;
		};
		C282867425815B58008B4D42 /* Release */ = {
			isa = XCBuildConfiguration;
			baseConfigurationReference = 4FD09EEF34298BB782783FDC /* Pods-laser-spirograph-tests.release.xcconfig */;
			buildSettings = {
				BUNDLE_LOADER = "$(TEST_HOST)";
				CLANG_ENABLE_MODULES = YES;
				CODE_SIGN_STYLE = Automatic;
				DEVELOPMENT_TEAM = 6D9WEB32TK;
				INFOPLIST_FILE = "laser-spirograph-tests/Info.plist";
				LD_RUNPATH_SEARCH_PATHS = (
					"$(inherited)",
					"@executable_path/Frameworks",
					"@loader_path/Frameworks",
				);
				PRODUCT_BUNDLE_IDENTIFIER = "com.high5.laser-spirograph-tests";
				PRODUCT_NAME = "$(TARGET_NAME)";
				SWIFT_VERSION = 5.0;
				TARGETED_DEVICE_FAMILY = "1,2";
				TEST_HOST = "$(BUILT_PRODUCTS_DIR)/laser-spirograph.app/laser-spirograph";
			};
			name = Release;
		};
		C2C48446257710E600F17D7D /* Debug */ = {
			isa = XCBuildConfiguration;
			buildSettings = {
				ALWAYS_SEARCH_USER_PATHS = NO;
				CLANG_ANALYZER_NONNULL = YES;
				CLANG_ANALYZER_NUMBER_OBJECT_CONVERSION = YES_AGGRESSIVE;
				CLANG_CXX_LANGUAGE_STANDARD = "gnu++14";
				CLANG_CXX_LIBRARY = "libc++";
				CLANG_ENABLE_MODULES = YES;
				CLANG_ENABLE_OBJC_ARC = YES;
				CLANG_ENABLE_OBJC_WEAK = YES;
				CLANG_WARN_BLOCK_CAPTURE_AUTORELEASING = YES;
				CLANG_WARN_BOOL_CONVERSION = YES;
				CLANG_WARN_COMMA = YES;
				CLANG_WARN_CONSTANT_CONVERSION = YES;
				CLANG_WARN_DEPRECATED_OBJC_IMPLEMENTATIONS = YES;
				CLANG_WARN_DIRECT_OBJC_ISA_USAGE = YES_ERROR;
				CLANG_WARN_DOCUMENTATION_COMMENTS = YES;
				CLANG_WARN_EMPTY_BODY = YES;
				CLANG_WARN_ENUM_CONVERSION = YES;
				CLANG_WARN_INFINITE_RECURSION = YES;
				CLANG_WARN_INT_CONVERSION = YES;
				CLANG_WARN_NON_LITERAL_NULL_CONVERSION = YES;
				CLANG_WARN_OBJC_IMPLICIT_RETAIN_SELF = YES;
				CLANG_WARN_OBJC_LITERAL_CONVERSION = YES;
				CLANG_WARN_OBJC_ROOT_CLASS = YES_ERROR;
				CLANG_WARN_QUOTED_INCLUDE_IN_FRAMEWORK_HEADER = YES;
				CLANG_WARN_RANGE_LOOP_ANALYSIS = YES;
				CLANG_WARN_STRICT_PROTOTYPES = YES;
				CLANG_WARN_SUSPICIOUS_MOVE = YES;
				CLANG_WARN_UNGUARDED_AVAILABILITY = YES_AGGRESSIVE;
				CLANG_WARN_UNREACHABLE_CODE = YES;
				CLANG_WARN__DUPLICATE_METHOD_MATCH = YES;
				COPY_PHASE_STRIP = NO;
				DEBUG_INFORMATION_FORMAT = dwarf;
				ENABLE_STRICT_OBJC_MSGSEND = YES;
				ENABLE_TESTABILITY = YES;
				GCC_C_LANGUAGE_STANDARD = gnu11;
				GCC_DYNAMIC_NO_PIC = NO;
				GCC_NO_COMMON_BLOCKS = YES;
				GCC_OPTIMIZATION_LEVEL = 0;
				GCC_PREPROCESSOR_DEFINITIONS = (
					"DEBUG=1",
					"$(inherited)",
				);
				GCC_WARN_64_TO_32_BIT_CONVERSION = YES;
				GCC_WARN_ABOUT_RETURN_TYPE = YES_ERROR;
				GCC_WARN_UNDECLARED_SELECTOR = YES;
				GCC_WARN_UNINITIALIZED_AUTOS = YES_AGGRESSIVE;
				GCC_WARN_UNUSED_FUNCTION = YES;
				GCC_WARN_UNUSED_VARIABLE = YES;
				IPHONEOS_DEPLOYMENT_TARGET = 14.0;
				MTL_ENABLE_DEBUG_INFO = INCLUDE_SOURCE;
				MTL_FAST_MATH = YES;
				ONLY_ACTIVE_ARCH = YES;
				SDKROOT = iphoneos;
				SWIFT_ACTIVE_COMPILATION_CONDITIONS = DEBUG;
				SWIFT_OPTIMIZATION_LEVEL = "-Onone";
			};
			name = Debug;
		};
		C2C48447257710E600F17D7D /* Release */ = {
			isa = XCBuildConfiguration;
			buildSettings = {
				ALWAYS_SEARCH_USER_PATHS = NO;
				CLANG_ANALYZER_NONNULL = YES;
				CLANG_ANALYZER_NUMBER_OBJECT_CONVERSION = YES_AGGRESSIVE;
				CLANG_CXX_LANGUAGE_STANDARD = "gnu++14";
				CLANG_CXX_LIBRARY = "libc++";
				CLANG_ENABLE_MODULES = YES;
				CLANG_ENABLE_OBJC_ARC = YES;
				CLANG_ENABLE_OBJC_WEAK = YES;
				CLANG_WARN_BLOCK_CAPTURE_AUTORELEASING = YES;
				CLANG_WARN_BOOL_CONVERSION = YES;
				CLANG_WARN_COMMA = YES;
				CLANG_WARN_CONSTANT_CONVERSION = YES;
				CLANG_WARN_DEPRECATED_OBJC_IMPLEMENTATIONS = YES;
				CLANG_WARN_DIRECT_OBJC_ISA_USAGE = YES_ERROR;
				CLANG_WARN_DOCUMENTATION_COMMENTS = YES;
				CLANG_WARN_EMPTY_BODY = YES;
				CLANG_WARN_ENUM_CONVERSION = YES;
				CLANG_WARN_INFINITE_RECURSION = YES;
				CLANG_WARN_INT_CONVERSION = YES;
				CLANG_WARN_NON_LITERAL_NULL_CONVERSION = YES;
				CLANG_WARN_OBJC_IMPLICIT_RETAIN_SELF = YES;
				CLANG_WARN_OBJC_LITERAL_CONVERSION = YES;
				CLANG_WARN_OBJC_ROOT_CLASS = YES_ERROR;
				CLANG_WARN_QUOTED_INCLUDE_IN_FRAMEWORK_HEADER = YES;
				CLANG_WARN_RANGE_LOOP_ANALYSIS = YES;
				CLANG_WARN_STRICT_PROTOTYPES = YES;
				CLANG_WARN_SUSPICIOUS_MOVE = YES;
				CLANG_WARN_UNGUARDED_AVAILABILITY = YES_AGGRESSIVE;
				CLANG_WARN_UNREACHABLE_CODE = YES;
				CLANG_WARN__DUPLICATE_METHOD_MATCH = YES;
				COPY_PHASE_STRIP = NO;
				DEBUG_INFORMATION_FORMAT = "dwarf-with-dsym";
				ENABLE_NS_ASSERTIONS = NO;
				ENABLE_STRICT_OBJC_MSGSEND = YES;
				GCC_C_LANGUAGE_STANDARD = gnu11;
				GCC_NO_COMMON_BLOCKS = YES;
				GCC_WARN_64_TO_32_BIT_CONVERSION = YES;
				GCC_WARN_ABOUT_RETURN_TYPE = YES_ERROR;
				GCC_WARN_UNDECLARED_SELECTOR = YES;
				GCC_WARN_UNINITIALIZED_AUTOS = YES_AGGRESSIVE;
				GCC_WARN_UNUSED_FUNCTION = YES;
				GCC_WARN_UNUSED_VARIABLE = YES;
				IPHONEOS_DEPLOYMENT_TARGET = 14.0;
				MTL_ENABLE_DEBUG_INFO = NO;
				MTL_FAST_MATH = YES;
				SDKROOT = iphoneos;
				SWIFT_COMPILATION_MODE = wholemodule;
				SWIFT_OPTIMIZATION_LEVEL = "-O";
				VALIDATE_PRODUCT = YES;
			};
			name = Release;
		};
		C2C48449257710E600F17D7D /* Debug */ = {
			isa = XCBuildConfiguration;
			baseConfigurationReference = A1C947429D4188894A7ED066 /* Pods-laser-spirograph.debug.xcconfig */;
			buildSettings = {
				ASSETCATALOG_COMPILER_APPICON_NAME = AppIcon;
				ASSETCATALOG_COMPILER_GLOBAL_ACCENT_COLOR_NAME = AccentColor;
				CODE_SIGN_STYLE = Automatic;
				DEVELOPMENT_TEAM = 6D9WEB32TK;
				INFOPLIST_FILE = "laser-spirograph/Info.plist";
				LD_RUNPATH_SEARCH_PATHS = (
					"$(inherited)",
					"@executable_path/Frameworks",
				);
				PRODUCT_BUNDLE_IDENTIFIER = "com.high5.laser-spirograph";
				PRODUCT_NAME = "$(TARGET_NAME)";
				SWIFT_VERSION = 5.0;
				TARGETED_DEVICE_FAMILY = "1,2";
			};
			name = Debug;
		};
		C2C4844A257710E600F17D7D /* Release */ = {
			isa = XCBuildConfiguration;
			baseConfigurationReference = 7EABD27C8429EC1290A9DA1B /* Pods-laser-spirograph.release.xcconfig */;
			buildSettings = {
				ASSETCATALOG_COMPILER_APPICON_NAME = AppIcon;
				ASSETCATALOG_COMPILER_GLOBAL_ACCENT_COLOR_NAME = AccentColor;
				CODE_SIGN_STYLE = Automatic;
				DEVELOPMENT_TEAM = 6D9WEB32TK;
				INFOPLIST_FILE = "laser-spirograph/Info.plist";
				LD_RUNPATH_SEARCH_PATHS = (
					"$(inherited)",
					"@executable_path/Frameworks",
				);
				PRODUCT_BUNDLE_IDENTIFIER = "com.high5.laser-spirograph";
				PRODUCT_NAME = "$(TARGET_NAME)";
				SWIFT_VERSION = 5.0;
				TARGETED_DEVICE_FAMILY = "1,2";
			};
			name = Release;
		};
/* End XCBuildConfiguration section */

/* Begin XCConfigurationList section */
		C282867525815B58008B4D42 /* Build configuration list for PBXNativeTarget "laser-spirograph-tests" */ = {
			isa = XCConfigurationList;
			buildConfigurations = (
				C282867325815B58008B4D42 /* Debug */,
				C282867425815B58008B4D42 /* Release */,
			);
			defaultConfigurationIsVisible = 0;
			defaultConfigurationName = Release;
		};
		C2C4842F257710E100F17D7D /* Build configuration list for PBXProject "laser-spirograph" */ = {
			isa = XCConfigurationList;
			buildConfigurations = (
				C2C48446257710E600F17D7D /* Debug */,
				C2C48447257710E600F17D7D /* Release */,
			);
			defaultConfigurationIsVisible = 0;
			defaultConfigurationName = Release;
		};
		C2C48448257710E600F17D7D /* Build configuration list for PBXNativeTarget "laser-spirograph" */ = {
			isa = XCConfigurationList;
			buildConfigurations = (
				C2C48449257710E600F17D7D /* Debug */,
				C2C4844A257710E600F17D7D /* Release */,
			);
			defaultConfigurationIsVisible = 0;
			defaultConfigurationName = Release;
		};
/* End XCConfigurationList section */
	};
	rootObject = C2C4842C257710E100F17D7D /* Project object */;
}
